
Microsoft Visual Studio Solution File, Format Version 12.00
# Visual Studio Version 18
VisualStudioVersion = 18.7.11811.120
MinimumVisualStudioVersion = 10.0.40219.1
Project("{9A19103F-16F7-4668-BE54-9A1E7A4F7556}") = "ReadableHttp.Core", "src\ReadableHttp.Core\ReadableHttp.Core.csproj", "{1D2E28D2-C3CC-4D38-B6B7-A891BA28F27D}"
EndProject
Project("{9A19103F-16F7-4668-BE54-9A1E7A4F7556}") = "ReadableHttp.Execution", "src\ReadableHttp.Execution\ReadableHttp.Execution.csproj", "{2B8B9D2F-7B80-4B5C-9E9F-1F87F782F911}"
EndProject
Project("{9A19103F-16F7-4668-BE54-9A1E7A4F7556}") = "ReadableHttp", "src\ReadableHttp\ReadableHttp.csproj", "{3DBA2F5C-8B6F-463A-8216-478D1B7B97C2}"
EndProject
Project("{9A19103F-16F7-4668-BE54-9A1E7A4F7556}") = "ReadableHttp.Storage", "src\ReadableHttp.Storage\ReadableHttp.Storage.csproj", "{45AE8408-464D-4876-8925-F98C8AE09E86}"
EndProject
Project("{9A19103F-16F7-4668-BE54-9A1E7A4F7556}") = "ReadableHttp.AspNetCore", "src\ReadableHttp.AspNetCore\ReadableHttp.AspNetCore.csproj", "{5BF6B75C-1847-42E1-AF6E-47950D0E325E}"
EndProject
Project("{9A19103F-16F7-4668-BE54-9A1E7A4F7556}") = "ReadableHttp.Cli", "src\ReadableHttp.Cli\ReadableHttp.Cli.csproj", "{6B2F55E4-BF76-4E35-99E7-B8E17B961AE8}"
EndProject
Project("{2150E333-8FDC-42A3-9474-1A3956D46DE8}") = "solution", "solution", "{90568F75-3BF0-4264-AA00-7EBF8284AA6C}"
	ProjectSection(SolutionItems) = preProject
		Directory.Build.props = Directory.Build.props
		README.md = README.md
	EndProjectSection
EndProject
Project("{2150E333-8FDC-42A3-9474-1A3956D46DE8}") = "samples", "samples", "{5D20AA90-6969-D8BD-9DCD-8634F4692FDA}"
EndProject
Project("{FAE04EC0-301F-11D3-BF4B-00C04F79EFBC}") = "ReadableHttp.ConsoleSample", "samples\ReadableHttp.ConsoleSample\ReadableHttp.ConsoleSample.csproj", "{8FB4F646-931C-486C-895B-38F5BB57CD5E}"
EndProject
Project("{2150E333-8FDC-42A3-9474-1A3956D46DE8}") = "src", "src", "{827E0CD3-B72D-47B6-A68D-7590B98EB39B}"
EndProject
Project("{FAE04EC0-301F-11D3-BF4B-00C04F79EFBC}") = "ReadableHttp.WebApiSample", "samples\ReadableHttp.WebApiSample\ReadableHttp.WebApiSample.csproj", "{C78B6047-5839-4204-A9B6-DDAD9BC1CDA1}"
EndProject
Project("{2150E333-8FDC-42A3-9474-1A3956D46DE8}") = "tests", "tests", "{0AB3BF05-4346-4AA6-1389-037BE0695223}"
EndProject
Project("{FAE04EC0-301F-11D3-BF4B-00C04F79EFBC}") = "ReadableHttp.Tests", "tests\ReadableHttp.Tests\ReadableHttp.Tests.csproj", "{ABEF4EC3-8251-43AB-924F-544107E6E60E}"
EndProject
Project("{FAE04EC0-301F-11D3-BF4B-00C04F79EFBC}") = "ReadableHttp.OpenApi", "src\ReadableHttp.OpenApi\ReadableHttp.OpenApi.csproj", "{B62C03BE-3C24-452D-AA43-7C026A1EE809}"
EndProject
Project("{FAE04EC0-301F-11D3-BF4B-00C04F79EFBC}") = "ReadableHttp.Auth", "src\ReadableHttp.Auth\ReadableHttp.Auth.csproj", "{04D9A280-3324-49ED-8EFD-033F6D3C9AEF}"
EndProject
Project("{FAE04EC0-301F-11D3-BF4B-00C04F79EFBC}") = "ReadableHttp.ImportExport", "src\ReadableHttp.ImportExport\ReadableHttp.ImportExport.csproj", "{48C57987-E325-41F5-9CF8-E844598FFD76}"
EndProject
Project("{FAE04EC0-301F-11D3-BF4B-00C04F79EFBC}") = "ReadableHttp.Try", "src\ReadableHttp.Try\ReadableHttp.Try.csproj", "{60FD4D7D-507A-42BF-B326-5B680A72C9F8}"
EndProject
Project("{2150E333-8FDC-42A3-9474-1A3956D46DE8}") = "apps", "apps", "{1787FE1D-075E-9E68-7218-25F1BD1BBEAB}"
EndProject
Project("{FAE04EC0-301F-11D3-BF4B-00C04F79EFBC}") = "ReadableHttp.App.Maui", "apps\ReadableHttp.App.Maui\ReadableHttp.App.Maui.csproj", "{C1669AD9-E665-412A-BE95-D1B74BDA3956}"
EndProject
Project("{FAE04EC0-301F-11D3-BF4B-00C04F79EFBC}") = "ReadableHttp.AI", "src\ReadableHttp.AI\ReadableHttp.AI.csproj", "{0F35A568-5E9C-43D0-B3D2-9513290352B6}"
EndProject
Global
	GlobalSection(SolutionConfigurationPlatforms) = preSolution
		Debug|Any CPU = Debug|Any CPU
		Debug|x64 = Debug|x64
		Debug|x86 = Debug|x86
		Release|Any CPU = Release|Any CPU
		Release|x64 = Release|x64
		Release|x86 = Release|x86
	EndGlobalSection
	GlobalSection(ProjectConfigurationPlatforms) = postSolution
		{1D2E28D2-C3CC-4D38-B6B7-A891BA28F27D}.Debug|Any CPU.ActiveCfg = Debug|Any CPU
		{1D2E28D2-C3CC-4D38-B6B7-A891BA28F27D}.Debug|Any CPU.Build.0 = Debug|Any CPU
		{1D2E28D2-C3CC-4D38-B6B7-A891BA28F27D}.Debug|x64.ActiveCfg = Debug|Any CPU
		{1D2E28D2-C3CC-4D38-B6B7-A891BA28F27D}.Debug|x64.Build.0 = Debug|Any CPU
		{1D2E28D2-C3CC-4D38-B6B7-A891BA28F27D}.Debug|x86.ActiveCfg = Debug|Any CPU
		{1D2E28D2-C3CC-4D38-B6B7-A891BA28F27D}.Debug|x86.Build.0 = Debug|Any CPU
		{1D2E28D2-C3CC-4D38-B6B7-A891BA28F27D}.Release|Any CPU.ActiveCfg = Release|Any CPU
		{1D2E28D2-C3CC-4D38-B6B7-A891BA28F27D}.Release|Any CPU.Build.0 = Release|Any CPU
		{1D2E28D2-C3CC-4D38-B6B7-A891BA28F27D}.Release|x64.ActiveCfg = Release|Any CPU
		{1D2E28D2-C3CC-4D38-B6B7-A891BA28F27D}.Release|x64.Build.0 = Release|Any CPU
		{1D2E28D2-C3CC-4D38-B6B7-A891BA28F27D}.Release|x86.ActiveCfg = Release|Any CPU
		{1D2E28D2-C3CC-4D38-B6B7-A891BA28F27D}.Release|x86.Build.0 = Release|Any CPU
		{2B8B9D2F-7B80-4B5C-9E9F-1F87F782F911}.Debug|Any CPU.ActiveCfg = Debug|Any CPU
		{2B8B9D2F-7B80-4B5C-9E9F-1F87F782F911}.Debug|Any CPU.Build.0 = Debug|Any CPU
		{2B8B9D2F-7B80-4B5C-9E9F-1F87F782F911}.Debug|x64.ActiveCfg = Debug|Any CPU
		{2B8B9D2F-7B80-4B5C-9E9F-1F87F782F911}.Debug|x64.Build.0 = Debug|Any CPU
		{2B8B9D2F-7B80-4B5C-9E9F-1F87F782F911}.Debug|x86.ActiveCfg = Debug|Any CPU
		{2B8B9D2F-7B80-4B5C-9E9F-1F87F782F911}.Debug|x86.Build.0 = Debug|Any CPU
		{2B8B9D2F-7B80-4B5C-9E9F-1F87F782F911}.Release|Any CPU.ActiveCfg = Release|Any CPU
		{2B8B9D2F-7B80-4B5C-9E9F-1F87F782F911}.Release|Any CPU.Build.0 = Release|Any CPU
		{2B8B9D2F-7B80-4B5C-9E9F-1F87F782F911}.Release|x64.ActiveCfg = Release|Any CPU
		{2B8B9D2F-7B80-4B5C-9E9F-1F87F782F911}.Release|x64.Build.0 = Release|Any CPU
		{2B8B9D2F-7B80-4B5C-9E9F-1F87F782F911}.Release|x86.ActiveCfg = Release|Any CPU
		{2B8B9D2F-7B80-4B5C-9E9F-1F87F782F911}.Release|x86.Build.0 = Release|Any CPU
		{3DBA2F5C-8B6F-463A-8216-478D1B7B97C2}.Debug|Any CPU.ActiveCfg = Debug|Any CPU
		{3DBA2F5C-8B6F-463A-8216-478D1B7B97C2}.Debug|Any CPU.Build.0 = Debug|Any CPU
		{3DBA2F5C-8B6F-463A-8216-478D1B7B97C2}.Debug|x64.ActiveCfg = Debug|Any CPU
		{3DBA2F5C-8B6F-463A-8216-478D1B7B97C2}.Debug|x64.Build.0 = Debug|Any CPU
		{3DBA2F5C-8B6F-463A-8216-478D1B7B97C2}.Debug|x86.ActiveCfg = Debug|Any CPU
		{3DBA2F5C-8B6F-463A-8216-478D1B7B97C2}.Debug|x86.Build.0 = Debug|Any CPU
		{3DBA2F5C-8B6F-463A-8216-478D1B7B97C2}.Release|Any CPU.ActiveCfg = Release|Any CPU
		{3DBA2F5C-8B6F-463A-8216-478D1B7B97C2}.Release|Any CPU.Build.0 = Release|Any CPU
		{3DBA2F5C-8B6F-463A-8216-478D1B7B97C2}.Release|x64.ActiveCfg = Release|Any CPU
		{3DBA2F5C-8B6F-463A-8216-478D1B7B97C2}.Release|x64.Build.0 = Release|Any CPU
		{3DBA2F5C-8B6F-463A-8216-478D1B7B97C2}.Release|x86.ActiveCfg = Release|Any CPU
		{3DBA2F5C-8B6F-463A-8216-478D1B7B97C2}.Release|x86.Build.0 = Release|Any CPU
		{45AE8408-464D-4876-8925-F98C8AE09E86}.Debug|Any CPU.ActiveCfg = Debug|Any CPU
		{45AE8408-464D-4876-8925-F98C8AE09E86}.Debug|Any CPU.Build.0 = Debug|Any CPU
		{45AE8408-464D-4876-8925-F98C8AE09E86}.Debug|x64.ActiveCfg = Debug|Any CPU
		{45AE8408-464D-4876-8925-F98C8AE09E86}.Debug|x64.Build.0 = Debug|Any CPU
		{45AE8408-464D-4876-8925-F98C8AE09E86}.Debug|x86.ActiveCfg = Debug|Any CPU
		{45AE8408-464D-4876-8925-F98C8AE09E86}.Debug|x86.Build.0 = Debug|Any CPU
		{45AE8408-464D-4876-8925-F98C8AE09E86}.Release|Any CPU.ActiveCfg = Release|Any CPU
		{45AE8408-464D-4876-8925-F98C8AE09E86}.Release|Any CPU.Build.0 = Release|Any CPU
		{45AE8408-464D-4876-8925-F98C8AE09E86}.Release|x64.ActiveCfg = Release|Any CPU
		{45AE8408-464D-4876-8925-F98C8AE09E86}.Release|x64.Build.0 = Release|Any CPU
		{45AE8408-464D-4876-8925-F98C8AE09E86}.Release|x86.ActiveCfg = Release|Any CPU
		{45AE8408-464D-4876-8925-F98C8AE09E86}.Release|x86.Build.0 = Release|Any CPU
		{5BF6B75C-1847-42E1-AF6E-47950D0E325E}.Debug|Any CPU.ActiveCfg = Debug|Any CPU
		{5BF6B75C-1847-42E1-AF6E-47950D0E325E}.Debug|Any CPU.Build.0 = Debug|Any CPU
		{5BF6B75C-1847-42E1-AF6E-47950D0E325E}.Debug|x64.ActiveCfg = Debug|Any CPU
		{5BF6B75C-1847-42E1-AF6E-47950D0E325E}.Debug|x64.Build.0 = Debug|Any CPU
		{5BF6B75C-1847-42E1-AF6E-47950D0E325E}.Debug|x86.ActiveCfg = Debug|Any CPU
		{5BF6B75C-1847-42E1-AF6E-47950D0E325E}.Debug|x86.Build.0 = Debug|Any CPU
		{5BF6B75C-1847-42E1-AF6E-47950D0E325E}.Release|Any CPU.ActiveCfg = Release|Any CPU
		{5BF6B75C-1847-42E1-AF6E-47950D0E325E}.Release|Any CPU.Build.0 = Release|Any CPU
		{5BF6B75C-1847-42E1-AF6E-47950D0E325E}.Release|x64.ActiveCfg = Release|Any CPU
		{5BF6B75C-1847-42E1-AF6E-47950D0E325E}.Release|x64.Build.0 = Release|Any CPU
		{5BF6B75C-1847-42E1-AF6E-47950D0E325E}.Release|x86.ActiveCfg = Release|Any CPU
		{5BF6B75C-1847-42E1-AF6E-47950D0E325E}.Release|x86.Build.0 = Release|Any CPU
		{6B2F55E4-BF76-4E35-99E7-B8E17B961AE8}.Debug|Any CPU.ActiveCfg = Debug|Any CPU
		{6B2F55E4-BF76-4E35-99E7-B8E17B961AE8}.Debug|Any CPU.Build.0 = Debug|Any CPU
		{6B2F55E4-BF76-4E35-99E7-B8E17B961AE8}.Debug|x64.ActiveCfg = Debug|Any CPU
		{6B2F55E4-BF76-4E35-99E7-B8E17B961AE8}.Debug|x64.Build.0 = Debug|Any CPU
		{6B2F55E4-BF76-4E35-99E7-B8E17B961AE8}.Debug|x86.ActiveCfg = Debug|Any CPU
		{6B2F55E4-BF76-4E35-99E7-B8E17B961AE8}.Debug|x86.Build.0 = Debug|Any CPU
		{6B2F55E4-BF76-4E35-99E7-B8E17B961AE8}.Release|Any CPU.ActiveCfg = Release|Any CPU
		{6B2F55E4-BF76-4E35-99E7-B8E17B961AE8}.Release|Any CPU.Build.0 = Release|Any CPU
		{6B2F55E4-BF76-4E35-99E7-B8E17B961AE8}.Release|x64.ActiveCfg = Release|Any CPU
		{6B2F55E4-BF76-4E35-99E7-B8E17B961AE8}.Release|x64.Build.0 = Release|Any CPU
		{6B2F55E4-BF76-4E35-99E7-B8E17B961AE8}.Release|x86.ActiveCfg = Release|Any CPU
		{6B2F55E4-BF76-4E35-99E7-B8E17B961AE8}.Release|x86.Build.0 = Release|Any CPU
		{8FB4F646-931C-486C-895B-38F5BB57CD5E}.Debug|Any CPU.ActiveCfg = Debug|Any CPU
		{8FB4F646-931C-486C-895B-38F5BB57CD5E}.Debug|Any CPU.Build.0 = Debug|Any CPU
		{8FB4F646-931C-486C-895B-38F5BB57CD5E}.Debug|x64.ActiveCfg = Debug|Any CPU
		{8FB4F646-931C-486C-895B-38F5BB57CD5E}.Debug|x64.Build.0 = Debug|Any CPU
		{8FB4F646-931C-486C-895B-38F5BB57CD5E}.Debug|x86.ActiveCfg = Debug|Any CPU
		{8FB4F646-931C-486C-895B-38F5BB57CD5E}.Debug|x86.Build.0 = Debug|Any CPU
		{8FB4F646-931C-486C-895B-38F5BB57CD5E}.Release|Any CPU.ActiveCfg = Release|Any CPU
		{8FB4F646-931C-486C-895B-38F5BB57CD5E}.Release|Any CPU.Build.0 = Release|Any CPU
		{8FB4F646-931C-486C-895B-38F5BB57CD5E}.Release|x64.ActiveCfg = Release|Any CPU
		{8FB4F646-931C-486C-895B-38F5BB57CD5E}.Release|x64.Build.0 = Release|Any CPU
		{8FB4F646-931C-486C-895B-38F5BB57CD5E}.Release|x86.ActiveCfg = Release|Any CPU
		{8FB4F646-931C-486C-895B-38F5BB57CD5E}.Release|x86.Build.0 = Release|Any CPU
		{C78B6047-5839-4204-A9B6-DDAD9BC1CDA1}.Debug|Any CPU.ActiveCfg = Debug|Any CPU
		{C78B6047-5839-4204-A9B6-DDAD9BC1CDA1}.Debug|Any CPU.Build.0 = Debug|Any CPU
		{C78B6047-5839-4204-A9B6-DDAD9BC1CDA1}.Debug|x64.ActiveCfg = Debug|Any CPU
		{C78B6047-5839-4204-A9B6-DDAD9BC1CDA1}.Debug|x64.Build.0 = Debug|Any CPU
		{C78B6047-5839-4204-A9B6-DDAD9BC1CDA1}.Debug|x86.ActiveCfg = Debug|Any CPU
		{C78B6047-5839-4204-A9B6-DDAD9BC1CDA1}.Debug|x86.Build.0 = Debug|Any CPU
		{C78B6047-5839-4204-A9B6-DDAD9BC1CDA1}.Release|Any CPU.ActiveCfg = Release|Any CPU
		{C78B6047-5839-4204-A9B6-DDAD9BC1CDA1}.Release|Any CPU.Build.0 = Release|Any CPU
		{C78B6047-5839-4204-A9B6-DDAD9BC1CDA1}.Release|x64.ActiveCfg = Release|Any CPU
		{C78B6047-5839-4204-A9B6-DDAD9BC1CDA1}.Release|x64.Build.0 = Release|Any CPU
		{C78B6047-5839-4204-A9B6-DDAD9BC1CDA1}.Release|x86.ActiveCfg = Release|Any CPU
		{C78B6047-5839-4204-A9B6-DDAD9BC1CDA1}.Release|x86.Build.0 = Release|Any CPU
		{ABEF4EC3-8251-43AB-924F-544107E6E60E}.Debug|Any CPU.ActiveCfg = Debug|Any CPU
		{ABEF4EC3-8251-43AB-924F-544107E6E60E}.Debug|Any CPU.Build.0 = Debug|Any CPU
		{ABEF4EC3-8251-43AB-924F-544107E6E60E}.Debug|x64.ActiveCfg = Debug|Any CPU
		{ABEF4EC3-8251-43AB-924F-544107E6E60E}.Debug|x64.Build.0 = Debug|Any CPU
		{ABEF4EC3-8251-43AB-924F-544107E6E60E}.Debug|x86.ActiveCfg = Debug|Any CPU
		{ABEF4EC3-8251-43AB-924F-544107E6E60E}.Debug|x86.Build.0 = Debug|Any CPU
		{ABEF4EC3-8251-43AB-924F-544107E6E60E}.Release|Any CPU.ActiveCfg = Release|Any CPU
		{ABEF4EC3-8251-43AB-924F-544107E6E60E}.Release|Any CPU.Build.0 = Release|Any CPU
		{ABEF4EC3-8251-43AB-924F-544107E6E60E}.Release|x64.ActiveCfg = Release|Any CPU
		{ABEF4EC3-8251-43AB-924F-544107E6E60E}.Release|x64.Build.0 = Release|Any CPU
		{ABEF4EC3-8251-43AB-924F-544107E6E60E}.Release|x86.ActiveCfg = Release|Any CPU
		{ABEF4EC3-8251-43AB-924F-544107E6E60E}.Release|x86.Build.0 = Release|Any CPU
		{B62C03BE-3C24-452D-AA43-7C026A1EE809}.Debug|Any CPU.ActiveCfg = Debug|Any CPU
		{B62C03BE-3C24-452D-AA43-7C026A1EE809}.Debug|Any CPU.Build.0 = Debug|Any CPU
		{B62C03BE-3C24-452D-AA43-7C026A1EE809}.Debug|x64.ActiveCfg = Debug|Any CPU
		{B62C03BE-3C24-452D-AA43-7C026A1EE809}.Debug|x64.Build.0 = Debug|Any CPU
		{B62C03BE-3C24-452D-AA43-7C026A1EE809}.Debug|x86.ActiveCfg = Debug|Any CPU
		{B62C03BE-3C24-452D-AA43-7C026A1EE809}.Debug|x86.Build.0 = Debug|Any CPU
		{B62C03BE-3C24-452D-AA43-7C026A1EE809}.Release|Any CPU.ActiveCfg = Release|Any CPU
		{B62C03BE-3C24-452D-AA43-7C026A1EE809}.Release|Any CPU.Build.0 = Release|Any CPU
		{B62C03BE-3C24-452D-AA43-7C026A1EE809}.Release|x64.ActiveCfg = Release|Any CPU
		{B62C03BE-3C24-452D-AA43-7C026A1EE809}.Release|x64.Build.0 = Release|Any CPU
		{B62C03BE-3C24-452D-AA43-7C026A1EE809}.Release|x86.ActiveCfg = Release|Any CPU
		{B62C03BE-3C24-452D-AA43-7C026A1EE809}.Release|x86.Build.0 = Release|Any CPU
		{04D9A280-3324-49ED-8EFD-033F6D3C9AEF}.Debug|Any CPU.ActiveCfg = Debug|Any CPU
		{04D9A280-3324-49ED-8EFD-033F6D3C9AEF}.Debug|Any CPU.Build.0 = Debug|Any CPU
		{04D9A280-3324-49ED-8EFD-033F6D3C9AEF}.Debug|x64.ActiveCfg = Debug|Any CPU
		{04D9A280-3324-49ED-8EFD-033F6D3C9AEF}.Debug|x64.Build.0 = Debug|Any CPU
		{04D9A280-3324-49ED-8EFD-033F6D3C9AEF}.Debug|x86.ActiveCfg = Debug|Any CPU
		{04D9A280-3324-49ED-8EFD-033F6D3C9AEF}.Debug|x86.Build.0 = Debug|Any CPU
		{04D9A280-3324-49ED-8EFD-033F6D3C9AEF}.Release|Any CPU.ActiveCfg = Release|Any CPU
		{04D9A280-3324-49ED-8EFD-033F6D3C9AEF}.Release|Any CPU.Build.0 = Release|Any CPU
		{04D9A280-3324-49ED-8EFD-033F6D3C9AEF}.Release|x64.ActiveCfg = Release|Any CPU
		{04D9A280-3324-49ED-8EFD-033F6D3C9AEF}.Release|x64.Build.0 = Release|Any CPU
		{04D9A280-3324-49ED-8EFD-033F6D3C9AEF}.Release|x86.ActiveCfg = Release|Any CPU
		{04D9A280-3324-49ED-8EFD-033F6D3C9AEF}.Release|x86.Build.0 = Release|Any CPU
		{48C57987-E325-41F5-9CF8-E844598FFD76}.Debug|Any CPU.ActiveCfg = Debug|Any CPU
		{48C57987-E325-41F5-9CF8-E844598FFD76}.Debug|Any CPU.Build.0 = Debug|Any CPU
		{48C57987-E325-41F5-9CF8-E844598FFD76}.Debug|x64.ActiveCfg = Debug|Any CPU
		{48C57987-E325-41F5-9CF8-E844598FFD76}.Debug|x64.Build.0 = Debug|Any CPU
		{48C57987-E325-41F5-9CF8-E844598FFD76}.Debug|x86.ActiveCfg = Debug|Any CPU
		{48C57987-E325-41F5-9CF8-E844598FFD76}.Debug|x86.Build.0 = Debug|Any CPU
		{48C57987-E325-41F5-9CF8-E844598FFD76}.Release|Any CPU.ActiveCfg = Release|Any CPU
		{48C57987-E325-41F5-9CF8-E844598FFD76}.Release|Any CPU.Build.0 = Release|Any CPU
		{48C57987-E325-41F5-9CF8-E844598FFD76}.Release|x64.ActiveCfg = Release|Any CPU
		{48C57987-E325-41F5-9CF8-E844598FFD76}.Release|x64.Build.0 = Release|Any CPU
		{48C57987-E325-41F5-9CF8-E844598FFD76}.Release|x86.ActiveCfg = Release|Any CPU
		{48C57987-E325-41F5-9CF8-E844598FFD76}.Release|x86.Build.0 = Release|Any CPU
		{60FD4D7D-507A-42BF-B326-5B680A72C9F8}.Debug|Any CPU.ActiveCfg = Debug|Any CPU
		{60FD4D7D-507A-42BF-B326-5B680A72C9F8}.Debug|Any CPU.Build.0 = Debug|Any CPU
		{60FD4D7D-507A-42BF-B326-5B680A72C9F8}.Debug|x64.ActiveCfg = Debug|Any CPU
		{60FD4D7D-507A-42BF-B326-5B680A72C9F8}.Debug|x64.Build.0 = Debug|Any CPU
		{60FD4D7D-507A-42BF-B326-5B680A72C9F8}.Debug|x86.ActiveCfg = Debug|Any CPU
		{60FD4D7D-507A-42BF-B326-5B680A72C9F8}.Debug|x86.Build.0 = Debug|Any CPU
		{60FD4D7D-507A-42BF-B326-5B680A72C9F8}.Release|Any CPU.ActiveCfg = Release|Any CPU
		{60FD4D7D-507A-42BF-B326-5B680A72C9F8}.Release|Any CPU.Build.0 = Release|Any CPU
		{60FD4D7D-507A-42BF-B326-5B680A72C9F8}.Release|x64.ActiveCfg = Release|Any CPU
		{60FD4D7D-507A-42BF-B326-5B680A72C9F8}.Release|x64.Build.0 = Release|Any CPU
		{60FD4D7D-507A-42BF-B326-5B680A72C9F8}.Release|x86.ActiveCfg = Release|Any CPU
		{60FD4D7D-507A-42BF-B326-5B680A72C9F8}.Release|x86.Build.0 = Release|Any CPU
		{C1669AD9-E665-412A-BE95-D1B74BDA3956}.Debug|Any CPU.ActiveCfg = Debug|Any CPU
		{C1669AD9-E665-412A-BE95-D1B74BDA3956}.Debug|Any CPU.Build.0 = Debug|Any CPU
		{C1669AD9-E665-412A-BE95-D1B74BDA3956}.Debug|x64.ActiveCfg = Debug|Any CPU
		{C1669AD9-E665-412A-BE95-D1B74BDA3956}.Debug|x64.Build.0 = Debug|Any CPU
		{C1669AD9-E665-412A-BE95-D1B74BDA3956}.Debug|x86.ActiveCfg = Debug|Any CPU
		{C1669AD9-E665-412A-BE95-D1B74BDA3956}.Debug|x86.Build.0 = Debug|Any CPU
		{C1669AD9-E665-412A-BE95-D1B74BDA3956}.Release|Any CPU.ActiveCfg = Release|Any CPU
		{C1669AD9-E665-412A-BE95-D1B74BDA3956}.Release|Any CPU.Build.0 = Release|Any CPU
		{C1669AD9-E665-412A-BE95-D1B74BDA3956}.Release|x64.ActiveCfg = Release|Any CPU
		{C1669AD9-E665-412A-BE95-D1B74BDA3956}.Release|x64.Build.0 = Release|Any CPU
		{C1669AD9-E665-412A-BE95-D1B74BDA3956}.Release|x86.ActiveCfg = Release|Any CPU
		{C1669AD9-E665-412A-BE95-D1B74BDA3956}.Release|x86.Build.0 = Release|Any CPU
		{0F35A568-5E9C-43D0-B3D2-9513290352B6}.Debug|Any CPU.ActiveCfg = Debug|Any CPU
		{0F35A568-5E9C-43D0-B3D2-9513290352B6}.Debug|Any CPU.Build.0 = Debug|Any CPU
		{0F35A568-5E9C-43D0-B3D2-9513290352B6}.Debug|x64.ActiveCfg = Debug|Any CPU
		{0F35A568-5E9C-43D0-B3D2-9513290352B6}.Debug|x64.Build.0 = Debug|Any CPU
		{0F35A568-5E9C-43D0-B3D2-9513290352B6}.Debug|x86.ActiveCfg = Debug|Any CPU
		{0F35A568-5E9C-43D0-B3D2-9513290352B6}.Debug|x86.Build.0 = Debug|Any CPU
		{0F35A568-5E9C-43D0-B3D2-9513290352B6}.Release|Any CPU.ActiveCfg = Release|Any CPU
		{0F35A568-5E9C-43D0-B3D2-9513290352B6}.Release|Any CPU.Build.0 = Release|Any CPU
		{0F35A568-5E9C-43D0-B3D2-9513290352B6}.Release|x64.ActiveCfg = Release|Any CPU
		{0F35A568-5E9C-43D0-B3D2-9513290352B6}.Release|x64.Build.0 = Release|Any CPU
		{0F35A568-5E9C-43D0-B3D2-9513290352B6}.Release|x86.ActiveCfg = Release|Any CPU
		{0F35A568-5E9C-43D0-B3D2-9513290352B6}.Release|x86.Build.0 = Release|Any CPU
	EndGlobalSection
	GlobalSection(SolutionProperties) = preSolution
		HideSolutionNode = FALSE
	EndGlobalSection
	GlobalSection(NestedProjects) = preSolution
		{1D2E28D2-C3CC-4D38-B6B7-A891BA28F27D} = {827E0CD3-B72D-47B6-A68D-7590B98EB39B}
		{2B8B9D2F-7B80-4B5C-9E9F-1F87F782F911} = {827E0CD3-B72D-47B6-A68D-7590B98EB39B}
		{3DBA2F5C-8B6F-463A-8216-478D1B7B97C2} = {827E0CD3-B72D-47B6-A68D-7590B98EB39B}
		{45AE8408-464D-4876-8925-F98C8AE09E86} = {827E0CD3-B72D-47B6-A68D-7590B98EB39B}
		{5BF6B75C-1847-42E1-AF6E-47950D0E325E} = {827E0CD3-B72D-47B6-A68D-7590B98EB39B}
		{6B2F55E4-BF76-4E35-99E7-B8E17B961AE8} = {827E0CD3-B72D-47B6-A68D-7590B98EB39B}
		{8FB4F646-931C-486C-895B-38F5BB57CD5E} = {5D20AA90-6969-D8BD-9DCD-8634F4692FDA}
		{C78B6047-5839-4204-A9B6-DDAD9BC1CDA1} = {5D20AA90-6969-D8BD-9DCD-8634F4692FDA}
		{ABEF4EC3-8251-43AB-924F-544107E6E60E} = {0AB3BF05-4346-4AA6-1389-037BE0695223}
		{B62C03BE-3C24-452D-AA43-7C026A1EE809} = {827E0CD3-B72D-47B6-A68D-7590B98EB39B}
		{04D9A280-3324-49ED-8EFD-033F6D3C9AEF} = {827E0CD3-B72D-47B6-A68D-7590B98EB39B}
		{48C57987-E325-41F5-9CF8-E844598FFD76} = {827E0CD3-B72D-47B6-A68D-7590B98EB39B}
		{60FD4D7D-507A-42BF-B326-5B680A72C9F8} = {827E0CD3-B72D-47B6-A68D-7590B98EB39B}
		{C1669AD9-E665-412A-BE95-D1B74BDA3956} = {1787FE1D-075E-9E68-7218-25F1BD1BBEAB}
		{0F35A568-5E9C-43D0-B3D2-9513290352B6} = {827E0CD3-B72D-47B6-A68D-7590B98EB39B}
	EndGlobalSection
	GlobalSection(ExtensibilityGlobals) = postSolution
		SolutionGuid = {37DE250A-3764-4E5B-BAF0-A84927BA09A9}
	EndGlobalSection
EndGlobal
