
Microsoft Visual Studio Solution File, Format Version 12.00
# Visual Studio Version 18
VisualStudioVersion = 18.7.11811.120
MinimumVisualStudioVersion = 10.0.40219.1
Project("{9A19103F-16F7-4668-BE54-9A1E7A4F7556}") = "ReadableHttp", "src\ReadableHttp\ReadableHttp.csproj", "{3DBA2F5C-8B6F-463A-8216-478D1B7B97C2}"
EndProject
Project("{9A19103F-16F7-4668-BE54-9A1E7A4F7556}") = "ReadableHttp.AspNetCore", "src\ReadableHttp.AspNetCore\ReadableHttp.AspNetCore.csproj", "{5BF6B75C-1847-42E1-AF6E-47950D0E325E}"
EndProject
Project("{2150E333-8FDC-42A3-9474-1A3956D46DE8}") = "solution", "solution", "{90568F75-3BF0-4264-AA00-7EBF8284AA6C}"
	ProjectSection(SolutionItems) = preProject
		Directory.Build.props = Directory.Build.props
		README.md = README.md
	EndProjectSection
EndProject
Project("{2150E333-8FDC-42A3-9474-1A3956D46DE8}") = "src", "src", "{827E0CD3-B72D-47B6-A68D-7590B98EB39B}"
EndProject
Project("{2150E333-8FDC-42A3-9474-1A3956D46DE8}") = "tests", "tests", "{0AB3BF05-4346-4AA6-1389-037BE0695223}"
EndProject
Project("{FAE04EC0-301F-11D3-BF4B-00C04F79EFBC}") = "ReadableHttp.Tests", "tests\ReadableHttp.Tests\ReadableHttp.Tests.csproj", "{ABEF4EC3-8251-43AB-924F-544107E6E60E}"
EndProject
Project("{2150E333-8FDC-42A3-9474-1A3956D46DE8}") = "extensions", "extensions", "{BE133D91-034E-1084-498B-FF24C4084A55}"
EndProject
Project("{FAE04EC0-301F-11D3-BF4B-00C04F79EFBC}") = "ReadableHttp.Auth", "extensions\ReadableHttp.Auth\ReadableHttp.Auth.csproj", "{E5B46489-CDDB-49A0-A41F-CFE2A36EEF9E}"
EndProject
Project("{FAE04EC0-301F-11D3-BF4B-00C04F79EFBC}") = "ReadableHttp.ImportExport", "extensions\ReadableHttp.ImportExport\ReadableHttp.ImportExport.csproj", "{9EC584E2-791D-473B-B3C6-1B574570FDED}"
EndProject
Project("{2150E333-8FDC-42A3-9474-1A3956D46DE8}") = "apps", "apps", "{1787FE1D-075E-9E68-7218-25F1BD1BBEAB}"
EndProject
Project("{2150E333-8FDC-42A3-9474-1A3956D46DE8}") = "supports", "supports", "{E97930BD-8861-7FBD-6EBA-1B85BF3B4912}"
EndProject
Project("{FAE04EC0-301F-11D3-BF4B-00C04F79EFBC}") = "ReadableHttp.Storage", "apps\supports\ReadableHttp.Storage\ReadableHttp.Storage.csproj", "{C886D151-5DEE-47CC-B1EC-52B189BA48D5}"
EndProject
Project("{FAE04EC0-301F-11D3-BF4B-00C04F79EFBC}") = "ReadableHttp.Try", "apps\supports\ReadableHttp.Try\ReadableHttp.Try.csproj", "{C84A3467-6986-4CF8-84A7-2F16E3965988}"
EndProject
Project("{FAE04EC0-301F-11D3-BF4B-00C04F79EFBC}") = "ReadableHttp.AI", "apps\supports\ReadableHttp.AI\ReadableHttp.AI.csproj", "{B127E5BB-EE8C-4887-B1EA-7D2530C4D25C}"
EndProject
Project("{2150E333-8FDC-42A3-9474-1A3956D46DE8}") = "cli", "cli", "{AF2DBE5E-9460-D940-A36E-D3EB256477A3}"
EndProject
Project("{FAE04EC0-301F-11D3-BF4B-00C04F79EFBC}") = "ReadableHttp.Cli", "apps\cli\ReadableHttp.Cli\ReadableHttp.Cli.csproj", "{FF18CDB4-0E13-4D93-969A-31F3A29813D8}"
EndProject
Project("{2150E333-8FDC-42A3-9474-1A3956D46DE8}") = "maui", "maui", "{7AF7B093-7FBD-FA6E-1651-8B92B316E07F}"
EndProject
Project("{FAE04EC0-301F-11D3-BF4B-00C04F79EFBC}") = "ReadableHttp.App.Maui", "apps\maui\ReadableHttp.App.Maui\ReadableHttp.App.Maui.csproj", "{3CF3BE06-CE0F-49AB-AE5D-B0DC65A0D4A9}"
EndProject
Project("{2150E333-8FDC-42A3-9474-1A3956D46DE8}") = "samples", "samples", "{5D20AA90-6969-D8BD-9DCD-8634F4692FDA}"
EndProject
Project("{2150E333-8FDC-42A3-9474-1A3956D46DE8}") = "sdks", "sdks", "{34015DEA-EEA8-0DFD-8A1F-03ECBB331E48}"
EndProject
Project("{FAE04EC0-301F-11D3-BF4B-00C04F79EFBC}") = "ReadableHttp.ConsoleSample", "samples\sdks\ReadableHttp.ConsoleSample\ReadableHttp.ConsoleSample.csproj", "{4FC69F9F-727D-4B34-B564-473FD97E0951}"
EndProject
Project("{FAE04EC0-301F-11D3-BF4B-00C04F79EFBC}") = "ReadableHttp.WebApiSample", "samples\sdks\ReadableHttp.WebApiSample\ReadableHttp.WebApiSample.csproj", "{85A7680D-C3B9-417A-995F-30C564C70757}"
EndProject
Global
	GlobalSection(SolutionConfigurationPlatforms) = preSolution
		Debug|Any CPU = Debug|Any CPU
		Debug|x64 = Debug|x64
		Debug|x86 = Debug|x86
		Release|Any CPU = Release|Any CPU
		Release|x64 = Release|x64
		Release|x86 = Release|x86
	EndGlobalSection
	GlobalSection(ProjectConfigurationPlatforms) = postSolution
		{3DBA2F5C-8B6F-463A-8216-478D1B7B97C2}.Debug|Any CPU.ActiveCfg = Debug|Any CPU
		{3DBA2F5C-8B6F-463A-8216-478D1B7B97C2}.Debug|Any CPU.Build.0 = Debug|Any CPU
		{3DBA2F5C-8B6F-463A-8216-478D1B7B97C2}.Debug|x64.ActiveCfg = Debug|Any CPU
		{3DBA2F5C-8B6F-463A-8216-478D1B7B97C2}.Debug|x64.Build.0 = Debug|Any CPU
		{3DBA2F5C-8B6F-463A-8216-478D1B7B97C2}.Debug|x86.ActiveCfg = Debug|Any CPU
		{3DBA2F5C-8B6F-463A-8216-478D1B7B97C2}.Debug|x86.Build.0 = Debug|Any CPU
		{3DBA2F5C-8B6F-463A-8216-478D1B7B97C2}.Release|Any CPU.ActiveCfg = Release|Any CPU
		{3DBA2F5C-8B6F-463A-8216-478D1B7B97C2}.Release|Any CPU.Build.0 = Release|Any CPU
		{3DBA2F5C-8B6F-463A-8216-478D1B7B97C2}.Release|x64.ActiveCfg = Release|Any CPU
		{3DBA2F5C-8B6F-463A-8216-478D1B7B97C2}.Release|x64.Build.0 = Release|Any CPU
		{3DBA2F5C-8B6F-463A-8216-478D1B7B97C2}.Release|x86.ActiveCfg = Release|Any CPU
		{3DBA2F5C-8B6F-463A-8216-478D1B7B97C2}.Release|x86.Build.0 = Release|Any CPU
		{5BF6B75C-1847-42E1-AF6E-47950D0E325E}.Debug|Any CPU.ActiveCfg = Debug|Any CPU
		{5BF6B75C-1847-42E1-AF6E-47950D0E325E}.Debug|Any CPU.Build.0 = Debug|Any CPU
		{5BF6B75C-1847-42E1-AF6E-47950D0E325E}.Debug|x64.ActiveCfg = Debug|Any CPU
		{5BF6B75C-1847-42E1-AF6E-47950D0E325E}.Debug|x64.Build.0 = Debug|Any CPU
		{5BF6B75C-1847-42E1-AF6E-47950D0E325E}.Debug|x86.ActiveCfg = Debug|Any CPU
		{5BF6B75C-1847-42E1-AF6E-47950D0E325E}.Debug|x86.Build.0 = Debug|Any CPU
		{5BF6B75C-1847-42E1-AF6E-47950D0E325E}.Release|Any CPU.ActiveCfg = Release|Any CPU
		{5BF6B75C-1847-42E1-AF6E-47950D0E325E}.Release|Any CPU.Build.0 = Release|Any CPU
		{5BF6B75C-1847-42E1-AF6E-47950D0E325E}.Release|x64.ActiveCfg = Release|Any CPU
		{5BF6B75C-1847-42E1-AF6E-47950D0E325E}.Release|x64.Build.0 = Release|Any CPU
		{5BF6B75C-1847-42E1-AF6E-47950D0E325E}.Release|x86.ActiveCfg = Release|Any CPU
		{5BF6B75C-1847-42E1-AF6E-47950D0E325E}.Release|x86.Build.0 = Release|Any CPU
		{ABEF4EC3-8251-43AB-924F-544107E6E60E}.Debug|Any CPU.ActiveCfg = Debug|Any CPU
		{ABEF4EC3-8251-43AB-924F-544107E6E60E}.Debug|Any CPU.Build.0 = Debug|Any CPU
		{ABEF4EC3-8251-43AB-924F-544107E6E60E}.Debug|x64.ActiveCfg = Debug|Any CPU
		{ABEF4EC3-8251-43AB-924F-544107E6E60E}.Debug|x64.Build.0 = Debug|Any CPU
		{ABEF4EC3-8251-43AB-924F-544107E6E60E}.Debug|x86.ActiveCfg = Debug|Any CPU
		{ABEF4EC3-8251-43AB-924F-544107E6E60E}.Debug|x86.Build.0 = Debug|Any CPU
		{ABEF4EC3-8251-43AB-924F-544107E6E60E}.Release|Any CPU.ActiveCfg = Release|Any CPU
		{ABEF4EC3-8251-43AB-924F-544107E6E60E}.Release|Any CPU.Build.0 = Release|Any CPU
		{ABEF4EC3-8251-43AB-924F-544107E6E60E}.Release|x64.ActiveCfg = Release|Any CPU
		{ABEF4EC3-8251-43AB-924F-544107E6E60E}.Release|x64.Build.0 = Release|Any CPU
		{ABEF4EC3-8251-43AB-924F-544107E6E60E}.Release|x86.ActiveCfg = Release|Any CPU
		{ABEF4EC3-8251-43AB-924F-544107E6E60E}.Release|x86.Build.0 = Release|Any CPU
		{E5B46489-CDDB-49A0-A41F-CFE2A36EEF9E}.Debug|Any CPU.ActiveCfg = Debug|Any CPU
		{E5B46489-CDDB-49A0-A41F-CFE2A36EEF9E}.Debug|Any CPU.Build.0 = Debug|Any CPU
		{E5B46489-CDDB-49A0-A41F-CFE2A36EEF9E}.Debug|x64.ActiveCfg = Debug|Any CPU
		{E5B46489-CDDB-49A0-A41F-CFE2A36EEF9E}.Debug|x64.Build.0 = Debug|Any CPU
		{E5B46489-CDDB-49A0-A41F-CFE2A36EEF9E}.Debug|x86.ActiveCfg = Debug|Any CPU
		{E5B46489-CDDB-49A0-A41F-CFE2A36EEF9E}.Debug|x86.Build.0 = Debug|Any CPU
		{E5B46489-CDDB-49A0-A41F-CFE2A36EEF9E}.Release|Any CPU.ActiveCfg = Release|Any CPU
		{E5B46489-CDDB-49A0-A41F-CFE2A36EEF9E}.Release|Any CPU.Build.0 = Release|Any CPU
		{E5B46489-CDDB-49A0-A41F-CFE2A36EEF9E}.Release|x64.ActiveCfg = Release|Any CPU
		{E5B46489-CDDB-49A0-A41F-CFE2A36EEF9E}.Release|x64.Build.0 = Release|Any CPU
		{E5B46489-CDDB-49A0-A41F-CFE2A36EEF9E}.Release|x86.ActiveCfg = Release|Any CPU
		{E5B46489-CDDB-49A0-A41F-CFE2A36EEF9E}.Release|x86.Build.0 = Release|Any CPU
		{9EC584E2-791D-473B-B3C6-1B574570FDED}.Debug|Any CPU.ActiveCfg = Debug|Any CPU
		{9EC584E2-791D-473B-B3C6-1B574570FDED}.Debug|Any CPU.Build.0 = Debug|Any CPU
		{9EC584E2-791D-473B-B3C6-1B574570FDED}.Debug|x64.ActiveCfg = Debug|Any CPU
		{9EC584E2-791D-473B-B3C6-1B574570FDED}.Debug|x64.Build.0 = Debug|Any CPU
		{9EC584E2-791D-473B-B3C6-1B574570FDED}.Debug|x86.ActiveCfg = Debug|Any CPU
		{9EC584E2-791D-473B-B3C6-1B574570FDED}.Debug|x86.Build.0 = Debug|Any CPU
		{9EC584E2-791D-473B-B3C6-1B574570FDED}.Release|Any CPU.ActiveCfg = Release|Any CPU
		{9EC584E2-791D-473B-B3C6-1B574570FDED}.Release|Any CPU.Build.0 = Release|Any CPU
		{9EC584E2-791D-473B-B3C6-1B574570FDED}.Release|x64.ActiveCfg = Release|Any CPU
		{9EC584E2-791D-473B-B3C6-1B574570FDED}.Release|x64.Build.0 = Release|Any CPU
		{9EC584E2-791D-473B-B3C6-1B574570FDED}.Release|x86.ActiveCfg = Release|Any CPU
		{9EC584E2-791D-473B-B3C6-1B574570FDED}.Release|x86.Build.0 = Release|Any CPU
		{C886D151-5DEE-47CC-B1EC-52B189BA48D5}.Debug|Any CPU.ActiveCfg = Debug|Any CPU
		{C886D151-5DEE-47CC-B1EC-52B189BA48D5}.Debug|Any CPU.Build.0 = Debug|Any CPU
		{C886D151-5DEE-47CC-B1EC-52B189BA48D5}.Debug|x64.ActiveCfg = Debug|Any CPU
		{C886D151-5DEE-47CC-B1EC-52B189BA48D5}.Debug|x64.Build.0 = Debug|Any CPU
		{C886D151-5DEE-47CC-B1EC-52B189BA48D5}.Debug|x86.ActiveCfg = Debug|Any CPU
		{C886D151-5DEE-47CC-B1EC-52B189BA48D5}.Debug|x86.Build.0 = Debug|Any CPU
		{C886D151-5DEE-47CC-B1EC-52B189BA48D5}.Release|Any CPU.ActiveCfg = Release|Any CPU
		{C886D151-5DEE-47CC-B1EC-52B189BA48D5}.Release|Any CPU.Build.0 = Release|Any CPU
		{C886D151-5DEE-47CC-B1EC-52B189BA48D5}.Release|x64.ActiveCfg = Release|Any CPU
		{C886D151-5DEE-47CC-B1EC-52B189BA48D5}.Release|x64.Build.0 = Release|Any CPU
		{C886D151-5DEE-47CC-B1EC-52B189BA48D5}.Release|x86.ActiveCfg = Release|Any CPU
		{C886D151-5DEE-47CC-B1EC-52B189BA48D5}.Release|x86.Build.0 = Release|Any CPU
		{C84A3467-6986-4CF8-84A7-2F16E3965988}.Debug|Any CPU.ActiveCfg = Debug|Any CPU
		{C84A3467-6986-4CF8-84A7-2F16E3965988}.Debug|Any CPU.Build.0 = Debug|Any CPU
		{C84A3467-6986-4CF8-84A7-2F16E3965988}.Debug|x64.ActiveCfg = Debug|Any CPU
		{C84A3467-6986-4CF8-84A7-2F16E3965988}.Debug|x64.Build.0 = Debug|Any CPU
		{C84A3467-6986-4CF8-84A7-2F16E3965988}.Debug|x86.ActiveCfg = Debug|Any CPU
		{C84A3467-6986-4CF8-84A7-2F16E3965988}.Debug|x86.Build.0 = Debug|Any CPU
		{C84A3467-6986-4CF8-84A7-2F16E3965988}.Release|Any CPU.ActiveCfg = Release|Any CPU
		{C84A3467-6986-4CF8-84A7-2F16E3965988}.Release|Any CPU.Build.0 = Release|Any CPU
		{C84A3467-6986-4CF8-84A7-2F16E3965988}.Release|x64.ActiveCfg = Release|Any CPU
		{C84A3467-6986-4CF8-84A7-2F16E3965988}.Release|x64.Build.0 = Release|Any CPU
		{C84A3467-6986-4CF8-84A7-2F16E3965988}.Release|x86.ActiveCfg = Release|Any CPU
		{C84A3467-6986-4CF8-84A7-2F16E3965988}.Release|x86.Build.0 = Release|Any CPU
		{B127E5BB-EE8C-4887-B1EA-7D2530C4D25C}.Debug|Any CPU.ActiveCfg = Debug|Any CPU
		{B127E5BB-EE8C-4887-B1EA-7D2530C4D25C}.Debug|Any CPU.Build.0 = Debug|Any CPU
		{B127E5BB-EE8C-4887-B1EA-7D2530C4D25C}.Debug|x64.ActiveCfg = Debug|Any CPU
		{B127E5BB-EE8C-4887-B1EA-7D2530C4D25C}.Debug|x64.Build.0 = Debug|Any CPU
		{B127E5BB-EE8C-4887-B1EA-7D2530C4D25C}.Debug|x86.ActiveCfg = Debug|Any CPU
		{B127E5BB-EE8C-4887-B1EA-7D2530C4D25C}.Debug|x86.Build.0 = Debug|Any CPU
		{B127E5BB-EE8C-4887-B1EA-7D2530C4D25C}.Release|Any CPU.ActiveCfg = Release|Any CPU
		{B127E5BB-EE8C-4887-B1EA-7D2530C4D25C}.Release|Any CPU.Build.0 = Release|Any CPU
		{B127E5BB-EE8C-4887-B1EA-7D2530C4D25C}.Release|x64.ActiveCfg = Release|Any CPU
		{B127E5BB-EE8C-4887-B1EA-7D2530C4D25C}.Release|x64.Build.0 = Release|Any CPU
		{B127E5BB-EE8C-4887-B1EA-7D2530C4D25C}.Release|x86.ActiveCfg = Release|Any CPU
		{B127E5BB-EE8C-4887-B1EA-7D2530C4D25C}.Release|x86.Build.0 = Release|Any CPU
		{FF18CDB4-0E13-4D93-969A-31F3A29813D8}.Debug|Any CPU.ActiveCfg = Debug|Any CPU
		{FF18CDB4-0E13-4D93-969A-31F3A29813D8}.Debug|Any CPU.Build.0 = Debug|Any CPU
		{FF18CDB4-0E13-4D93-969A-31F3A29813D8}.Debug|x64.ActiveCfg = Debug|Any CPU
		{FF18CDB4-0E13-4D93-969A-31F3A29813D8}.Debug|x64.Build.0 = Debug|Any CPU
		{FF18CDB4-0E13-4D93-969A-31F3A29813D8}.Debug|x86.ActiveCfg = Debug|Any CPU
		{FF18CDB4-0E13-4D93-969A-31F3A29813D8}.Debug|x86.Build.0 = Debug|Any CPU
		{FF18CDB4-0E13-4D93-969A-31F3A29813D8}.Release|Any CPU.ActiveCfg = Release|Any CPU
		{FF18CDB4-0E13-4D93-969A-31F3A29813D8}.Release|Any CPU.Build.0 = Release|Any CPU
		{FF18CDB4-0E13-4D93-969A-31F3A29813D8}.Release|x64.ActiveCfg = Release|Any CPU
		{FF18CDB4-0E13-4D93-969A-31F3A29813D8}.Release|x64.Build.0 = Release|Any CPU
		{FF18CDB4-0E13-4D93-969A-31F3A29813D8}.Release|x86.ActiveCfg = Release|Any CPU
		{FF18CDB4-0E13-4D93-969A-31F3A29813D8}.Release|x86.Build.0 = Release|Any CPU
		{3CF3BE06-CE0F-49AB-AE5D-B0DC65A0D4A9}.Debug|Any CPU.ActiveCfg = Debug|Any CPU
		{3CF3BE06-CE0F-49AB-AE5D-B0DC65A0D4A9}.Debug|Any CPU.Build.0 = Debug|Any CPU
		{3CF3BE06-CE0F-49AB-AE5D-B0DC65A0D4A9}.Debug|x64.ActiveCfg = Debug|Any CPU
		{3CF3BE06-CE0F-49AB-AE5D-B0DC65A0D4A9}.Debug|x64.Build.0 = Debug|Any CPU
		{3CF3BE06-CE0F-49AB-AE5D-B0DC65A0D4A9}.Debug|x86.ActiveCfg = Debug|Any CPU
		{3CF3BE06-CE0F-49AB-AE5D-B0DC65A0D4A9}.Debug|x86.Build.0 = Debug|Any CPU
		{3CF3BE06-CE0F-49AB-AE5D-B0DC65A0D4A9}.Release|Any CPU.ActiveCfg = Release|Any CPU
		{3CF3BE06-CE0F-49AB-AE5D-B0DC65A0D4A9}.Release|Any CPU.Build.0 = Release|Any CPU
		{3CF3BE06-CE0F-49AB-AE5D-B0DC65A0D4A9}.Release|x64.ActiveCfg = Release|Any CPU
		{3CF3BE06-CE0F-49AB-AE5D-B0DC65A0D4A9}.Release|x64.Build.0 = Release|Any CPU
		{3CF3BE06-CE0F-49AB-AE5D-B0DC65A0D4A9}.Release|x86.ActiveCfg = Release|Any CPU
		{3CF3BE06-CE0F-49AB-AE5D-B0DC65A0D4A9}.Release|x86.Build.0 = Release|Any CPU
		{4FC69F9F-727D-4B34-B564-473FD97E0951}.Debug|Any CPU.ActiveCfg = Debug|Any CPU
		{4FC69F9F-727D-4B34-B564-473FD97E0951}.Debug|Any CPU.Build.0 = Debug|Any CPU
		{4FC69F9F-727D-4B34-B564-473FD97E0951}.Debug|x64.ActiveCfg = Debug|Any CPU
		{4FC69F9F-727D-4B34-B564-473FD97E0951}.Debug|x64.Build.0 = Debug|Any CPU
		{4FC69F9F-727D-4B34-B564-473FD97E0951}.Debug|x86.ActiveCfg = Debug|Any CPU
		{4FC69F9F-727D-4B34-B564-473FD97E0951}.Debug|x86.Build.0 = Debug|Any CPU
		{4FC69F9F-727D-4B34-B564-473FD97E0951}.Release|Any CPU.ActiveCfg = Release|Any CPU
		{4FC69F9F-727D-4B34-B564-473FD97E0951}.Release|Any CPU.Build.0 = Release|Any CPU
		{4FC69F9F-727D-4B34-B564-473FD97E0951}.Release|x64.ActiveCfg = Release|Any CPU
		{4FC69F9F-727D-4B34-B564-473FD97E0951}.Release|x64.Build.0 = Release|Any CPU
		{4FC69F9F-727D-4B34-B564-473FD97E0951}.Release|x86.ActiveCfg = Release|Any CPU
		{4FC69F9F-727D-4B34-B564-473FD97E0951}.Release|x86.Build.0 = Release|Any CPU
		{85A7680D-C3B9-417A-995F-30C564C70757}.Debug|Any CPU.ActiveCfg = Debug|Any CPU
		{85A7680D-C3B9-417A-995F-30C564C70757}.Debug|Any CPU.Build.0 = Debug|Any CPU
		{85A7680D-C3B9-417A-995F-30C564C70757}.Debug|x64.ActiveCfg = Debug|Any CPU
		{85A7680D-C3B9-417A-995F-30C564C70757}.Debug|x64.Build.0 = Debug|Any CPU
		{85A7680D-C3B9-417A-995F-30C564C70757}.Debug|x86.ActiveCfg = Debug|Any CPU
		{85A7680D-C3B9-417A-995F-30C564C70757}.Debug|x86.Build.0 = Debug|Any CPU
		{85A7680D-C3B9-417A-995F-30C564C70757}.Release|Any CPU.ActiveCfg = Release|Any CPU
		{85A7680D-C3B9-417A-995F-30C564C70757}.Release|Any CPU.Build.0 = Release|Any CPU
		{85A7680D-C3B9-417A-995F-30C564C70757}.Release|x64.ActiveCfg = Release|Any CPU
		{85A7680D-C3B9-417A-995F-30C564C70757}.Release|x64.Build.0 = Release|Any CPU
		{85A7680D-C3B9-417A-995F-30C564C70757}.Release|x86.ActiveCfg = Release|Any CPU
		{85A7680D-C3B9-417A-995F-30C564C70757}.Release|x86.Build.0 = Release|Any CPU
	EndGlobalSection
	GlobalSection(SolutionProperties) = preSolution
		HideSolutionNode = FALSE
	EndGlobalSection
	GlobalSection(NestedProjects) = preSolution
		{3DBA2F5C-8B6F-463A-8216-478D1B7B97C2} = {827E0CD3-B72D-47B6-A68D-7590B98EB39B}
		{5BF6B75C-1847-42E1-AF6E-47950D0E325E} = {827E0CD3-B72D-47B6-A68D-7590B98EB39B}
		{ABEF4EC3-8251-43AB-924F-544107E6E60E} = {0AB3BF05-4346-4AA6-1389-037BE0695223}
		{E5B46489-CDDB-49A0-A41F-CFE2A36EEF9E} = {BE133D91-034E-1084-498B-FF24C4084A55}
		{9EC584E2-791D-473B-B3C6-1B574570FDED} = {BE133D91-034E-1084-498B-FF24C4084A55}
		{E97930BD-8861-7FBD-6EBA-1B85BF3B4912} = {1787FE1D-075E-9E68-7218-25F1BD1BBEAB}
		{C886D151-5DEE-47CC-B1EC-52B189BA48D5} = {E97930BD-8861-7FBD-6EBA-1B85BF3B4912}
		{C84A3467-6986-4CF8-84A7-2F16E3965988} = {E97930BD-8861-7FBD-6EBA-1B85BF3B4912}
		{B127E5BB-EE8C-4887-B1EA-7D2530C4D25C} = {E97930BD-8861-7FBD-6EBA-1B85BF3B4912}
		{AF2DBE5E-9460-D940-A36E-D3EB256477A3} = {1787FE1D-075E-9E68-7218-25F1BD1BBEAB}
		{FF18CDB4-0E13-4D93-969A-31F3A29813D8} = {AF2DBE5E-9460-D940-A36E-D3EB256477A3}
		{7AF7B093-7FBD-FA6E-1651-8B92B316E07F} = {1787FE1D-075E-9E68-7218-25F1BD1BBEAB}
		{3CF3BE06-CE0F-49AB-AE5D-B0DC65A0D4A9} = {7AF7B093-7FBD-FA6E-1651-8B92B316E07F}
		{34015DEA-EEA8-0DFD-8A1F-03ECBB331E48} = {5D20AA90-6969-D8BD-9DCD-8634F4692FDA}
		{4FC69F9F-727D-4B34-B564-473FD97E0951} = {34015DEA-EEA8-0DFD-8A1F-03ECBB331E48}
		{85A7680D-C3B9-417A-995F-30C564C70757} = {34015DEA-EEA8-0DFD-8A1F-03ECBB331E48}
	EndGlobalSection
	GlobalSection(ExtensibilityGlobals) = postSolution
		SolutionGuid = {37DE250A-3764-4E5B-BAF0-A84927BA09A9}
	EndGlobalSection
EndGlobal
